
Microsoft Visual Studio Solution File, Format Version 10.00
# Visual Studio 2008
Project("{FAE04EC0-301F-11D3-BF4B-00C04F79EFBC}") = "AspNetFlash", "AspNetFlash.csproj", "{654229DA-264E-4B1D-8125-7D71BA752C16}"
EndProject
Global
	GlobalSection(SolutionConfigurationPlatforms) = preSolution
		Debug|Any CPU = Debug|Any CPU
		Release|Any CPU = Release|Any CPU
	EndGlobalSection
	GlobalSection(ProjectConfigurationPlatforms) = postSolution
		{654229DA-264E-4B1D-8125-7D71BA752C16}.Debug|Any CPU.ActiveCfg = Debug|Any CPU
		{654229DA-264E-4B1D-8125-7D71BA752C16}.Debug|Any CPU.Build.0 = Debug|Any CPU
		{654229DA-264E-4B1D-8125-7D71BA752C16}.Release|Any CPU.ActiveCfg = Release|Any CPU
		{654229DA-264E-4B1D-8125-7D71BA752C16}.Release|Any CPU.Build.0 = Release|Any CPU
	EndGlobalSection
	GlobalSection(SolutionProperties) = preSolution
		HideSolutionNode = FALSE
	EndGlobalSection
EndGlobal
