
Microsoft Visual Studio Solution File, Format Version 10.00
# Visual Studio 2008
Project("{FAE04EC0-301F-11D3-BF4B-00C04F79EFBC}") = "SpikeJson", "SpikeJson.csproj", "{B6BBB8E7-1B08-4602-BF1D-12D3A15AFA0C}"
EndProject
Global
	GlobalSection(SolutionConfigurationPlatforms) = preSolution
		Debug|Any CPU = Debug|Any CPU
		Release|Any CPU = Release|Any CPU
	EndGlobalSection
	GlobalSection(ProjectConfigurationPlatforms) = postSolution
		{B6BBB8E7-1B08-4602-BF1D-12D3A15AFA0C}.Debug|Any CPU.ActiveCfg = Debug|Any CPU
		{B6BBB8E7-1B08-4602-BF1D-12D3A15AFA0C}.Debug|Any CPU.Build.0 = Debug|Any CPU
		{B6BBB8E7-1B08-4602-BF1D-12D3A15AFA0C}.Release|Any CPU.ActiveCfg = Release|Any CPU
		{B6BBB8E7-1B08-4602-BF1D-12D3A15AFA0C}.Release|Any CPU.Build.0 = Release|Any CPU
	EndGlobalSection
	GlobalSection(SolutionProperties) = preSolution
		HideSolutionNode = FALSE
	EndGlobalSection
EndGlobal
