
Microsoft Visual Studio Solution File, Format Version 10.00
# Visual Studio 2008
Project("{FAE04EC0-301F-11D3-BF4B-00C04F79EFBC}") = "WebApplication", "WebApplication\WebApplication.csproj", "{04B39D02-0014-4F89-A50D-1A37A40A0769}"
EndProject
Project("{FAE04EC0-301F-11D3-BF4B-00C04F79EFBC}") = "WebApplication.Tests", "WebApplication.Tests\WebApplication.Tests.csproj", "{77212746-6825-425D-9DB8-2451AD94B890}"
EndProject
Global
	GlobalSection(SolutionConfigurationPlatforms) = preSolution
		Debug|Any CPU = Debug|Any CPU
		Release|Any CPU = Release|Any CPU
	EndGlobalSection
	GlobalSection(ProjectConfigurationPlatforms) = postSolution
		{04B39D02-0014-4F89-A50D-1A37A40A0769}.Debug|Any CPU.ActiveCfg = Debug|Any CPU
		{04B39D02-0014-4F89-A50D-1A37A40A0769}.Debug|Any CPU.Build.0 = Debug|Any CPU
		{04B39D02-0014-4F89-A50D-1A37A40A0769}.Release|Any CPU.ActiveCfg = Release|Any CPU
		{04B39D02-0014-4F89-A50D-1A37A40A0769}.Release|Any CPU.Build.0 = Release|Any CPU
		{77212746-6825-425D-9DB8-2451AD94B890}.Debug|Any CPU.ActiveCfg = Debug|Any CPU
		{77212746-6825-425D-9DB8-2451AD94B890}.Debug|Any CPU.Build.0 = Debug|Any CPU
		{77212746-6825-425D-9DB8-2451AD94B890}.Release|Any CPU.ActiveCfg = Release|Any CPU
		{77212746-6825-425D-9DB8-2451AD94B890}.Release|Any CPU.Build.0 = Release|Any CPU
	EndGlobalSection
	GlobalSection(SolutionProperties) = preSolution
		HideSolutionNode = FALSE
	EndGlobalSection
EndGlobal
