
Microsoft Visual Studio Solution File, Format Version 10.00
# Visual Studio 2008
Project("{FAE04EC0-301F-11D3-BF4B-00C04F79EFBC}") = "SpikeNVelocity", "SpikeNVelocity.csproj", "{F8259B68-4575-474F-9A8A-87B7F5589F07}"
EndProject
Global
	GlobalSection(SolutionConfigurationPlatforms) = preSolution
		Debug|Any CPU = Debug|Any CPU
		Release|Any CPU = Release|Any CPU
	EndGlobalSection
	GlobalSection(ProjectConfigurationPlatforms) = postSolution
		{F8259B68-4575-474F-9A8A-87B7F5589F07}.Debug|Any CPU.ActiveCfg = Debug|Any CPU
		{F8259B68-4575-474F-9A8A-87B7F5589F07}.Debug|Any CPU.Build.0 = Debug|Any CPU
		{F8259B68-4575-474F-9A8A-87B7F5589F07}.Release|Any CPU.ActiveCfg = Release|Any CPU
		{F8259B68-4575-474F-9A8A-87B7F5589F07}.Release|Any CPU.Build.0 = Release|Any CPU
	EndGlobalSection
	GlobalSection(SolutionProperties) = preSolution
		HideSolutionNode = FALSE
	EndGlobalSection
EndGlobal
