
Microsoft Visual Studio Solution File, Format Version 10.00
# Visual Studio 2008
Project("{FAE04EC0-301F-11D3-BF4B-00C04F79EFBC}") = "AssemblaTimeTracker", "AssemblaTimeTracker.csproj", "{922A4466-0AA7-4A77-B980-C462F7C8D1FF}"
EndProject
Global
	GlobalSection(SolutionConfigurationPlatforms) = preSolution
		Debug|Any CPU = Debug|Any CPU
		Release|Any CPU = Release|Any CPU
	EndGlobalSection
	GlobalSection(ProjectConfigurationPlatforms) = postSolution
		{922A4466-0AA7-4A77-B980-C462F7C8D1FF}.Debug|Any CPU.ActiveCfg = Debug|Any CPU
		{922A4466-0AA7-4A77-B980-C462F7C8D1FF}.Debug|Any CPU.Build.0 = Debug|Any CPU
		{922A4466-0AA7-4A77-B980-C462F7C8D1FF}.Release|Any CPU.ActiveCfg = Release|Any CPU
		{922A4466-0AA7-4A77-B980-C462F7C8D1FF}.Release|Any CPU.Build.0 = Release|Any CPU
	EndGlobalSection
	GlobalSection(SolutionProperties) = preSolution
		HideSolutionNode = FALSE
	EndGlobalSection
EndGlobal
