
Microsoft Visual Studio Solution File, Format Version 10.00
# Visual Studio 2008
Project("{FAE04EC0-301F-11D3-BF4B-00C04F79EFBC}") = "SpikeDynamicProxy", "SpikeDynamicProxy.csproj", "{6EA0BC5D-E27C-4525-9BF8-F13208B7D17B}"
EndProject
Global
	GlobalSection(SolutionConfigurationPlatforms) = preSolution
		Debug|Any CPU = Debug|Any CPU
		Release|Any CPU = Release|Any CPU
	EndGlobalSection
	GlobalSection(ProjectConfigurationPlatforms) = postSolution
		{6EA0BC5D-E27C-4525-9BF8-F13208B7D17B}.Debug|Any CPU.ActiveCfg = Debug|Any CPU
		{6EA0BC5D-E27C-4525-9BF8-F13208B7D17B}.Debug|Any CPU.Build.0 = Debug|Any CPU
		{6EA0BC5D-E27C-4525-9BF8-F13208B7D17B}.Release|Any CPU.ActiveCfg = Release|Any CPU
		{6EA0BC5D-E27C-4525-9BF8-F13208B7D17B}.Release|Any CPU.Build.0 = Release|Any CPU
	EndGlobalSection
	GlobalSection(SolutionProperties) = preSolution
		HideSolutionNode = FALSE
	EndGlobalSection
EndGlobal
