
Microsoft Visual Studio Solution File, Format Version 10.00
# Visual Studio 2008
Project("{FAE04EC0-301F-11D3-BF4B-00C04F79EFBC}") = "NorthwindWeb", "NorthwindWeb.csproj", "{6F213B73-CD7A-4E27-A16B-29ECE7643973}"
EndProject
Global
	GlobalSection(SolutionConfigurationPlatforms) = preSolution
		Debug|Any CPU = Debug|Any CPU
		Release|Any CPU = Release|Any CPU
	EndGlobalSection
	GlobalSection(ProjectConfigurationPlatforms) = postSolution
		{6F213B73-CD7A-4E27-A16B-29ECE7643973}.Debug|Any CPU.ActiveCfg = Debug|Any CPU
		{6F213B73-CD7A-4E27-A16B-29ECE7643973}.Debug|Any CPU.Build.0 = Debug|Any CPU
		{6F213B73-CD7A-4E27-A16B-29ECE7643973}.Release|Any CPU.ActiveCfg = Release|Any CPU
		{6F213B73-CD7A-4E27-A16B-29ECE7643973}.Release|Any CPU.Build.0 = Release|Any CPU
	EndGlobalSection
	GlobalSection(SolutionProperties) = preSolution
		HideSolutionNode = FALSE
	EndGlobalSection
EndGlobal
