
Microsoft Visual Studio Solution File, Format Version 11.00
# Visual Studio 2010
Project("{FAE04EC0-301F-11D3-BF4B-00C04F79EFBC}") = "ExtMvc", "ExtMvc.csproj", "{6A9DA8DA-DF9B-4BC5-9D97-89FE7A552CDA}"
EndProject
Project("{FAE04EC0-301F-11D3-BF4B-00C04F79EFBC}") = "Conversation", "..\Conversation\Conversation.csproj", "{D3339140-2B01-4F12-9792-03BE21B14058}"
EndProject
Project("{FAE04EC0-301F-11D3-BF4B-00C04F79EFBC}") = "ExtMvc.Controllers", "ExtMvc.Controllers\ExtMvc.Controllers.csproj", "{3B83D992-E636-4B17-A823-5CDBB592C995}"
EndProject
Project("{FAE04EC0-301F-11D3-BF4B-00C04F79EFBC}") = "ExtMvc.Data", "ExtMvc.Data\ExtMvc.Data.csproj", "{10EC327D-9EC2-4CD3-9450-D6710FCB7622}"
EndProject
Project("{FAE04EC0-301F-11D3-BF4B-00C04F79EFBC}") = "ExtMvc.Domain", "ExtMvc.Domain\ExtMvc.Domain.csproj", "{09D5A5AD-C7B9-4AE1-A050-DECFB431C0F5}"
EndProject
Project("{FAE04EC0-301F-11D3-BF4B-00C04F79EFBC}") = "ExtMvc.Infrastructure", "ExtMvc.Infrastructure\ExtMvc.Infrastructure.csproj", "{CB4AC17F-3718-4B44-B23E-7E065845BE66}"
EndProject
Global
	GlobalSection(SolutionConfigurationPlatforms) = preSolution
		Debug|Any CPU = Debug|Any CPU
		Debug|Mixed Platforms = Debug|Mixed Platforms
		Debug|Win32 = Debug|Win32
		Release|Any CPU = Release|Any CPU
		Release|Mixed Platforms = Release|Mixed Platforms
		Release|Win32 = Release|Win32
	EndGlobalSection
	GlobalSection(ProjectConfigurationPlatforms) = postSolution
		{6A9DA8DA-DF9B-4BC5-9D97-89FE7A552CDA}.Debug|Any CPU.ActiveCfg = Debug|Any CPU
		{6A9DA8DA-DF9B-4BC5-9D97-89FE7A552CDA}.Debug|Any CPU.Build.0 = Debug|Any CPU
		{6A9DA8DA-DF9B-4BC5-9D97-89FE7A552CDA}.Debug|Mixed Platforms.ActiveCfg = Debug|Any CPU
		{6A9DA8DA-DF9B-4BC5-9D97-89FE7A552CDA}.Debug|Mixed Platforms.Build.0 = Debug|Any CPU
		{6A9DA8DA-DF9B-4BC5-9D97-89FE7A552CDA}.Debug|Win32.ActiveCfg = Debug|Any CPU
		{6A9DA8DA-DF9B-4BC5-9D97-89FE7A552CDA}.Release|Any CPU.ActiveCfg = Release|Any CPU
		{6A9DA8DA-DF9B-4BC5-9D97-89FE7A552CDA}.Release|Any CPU.Build.0 = Release|Any CPU
		{6A9DA8DA-DF9B-4BC5-9D97-89FE7A552CDA}.Release|Mixed Platforms.ActiveCfg = Release|Any CPU
		{6A9DA8DA-DF9B-4BC5-9D97-89FE7A552CDA}.Release|Mixed Platforms.Build.0 = Release|Any CPU
		{6A9DA8DA-DF9B-4BC5-9D97-89FE7A552CDA}.Release|Win32.ActiveCfg = Release|Any CPU
		{D3339140-2B01-4F12-9792-03BE21B14058}.Debug|Any CPU.ActiveCfg = Debug|Any CPU
		{D3339140-2B01-4F12-9792-03BE21B14058}.Debug|Any CPU.Build.0 = Debug|Any CPU
		{D3339140-2B01-4F12-9792-03BE21B14058}.Debug|Mixed Platforms.ActiveCfg = Debug|Any CPU
		{D3339140-2B01-4F12-9792-03BE21B14058}.Debug|Mixed Platforms.Build.0 = Debug|Any CPU
		{D3339140-2B01-4F12-9792-03BE21B14058}.Debug|Win32.ActiveCfg = Debug|Any CPU
		{D3339140-2B01-4F12-9792-03BE21B14058}.Release|Any CPU.ActiveCfg = Release|Any CPU
		{D3339140-2B01-4F12-9792-03BE21B14058}.Release|Any CPU.Build.0 = Release|Any CPU
		{D3339140-2B01-4F12-9792-03BE21B14058}.Release|Mixed Platforms.ActiveCfg = Release|Any CPU
		{D3339140-2B01-4F12-9792-03BE21B14058}.Release|Mixed Platforms.Build.0 = Release|Any CPU
		{D3339140-2B01-4F12-9792-03BE21B14058}.Release|Win32.ActiveCfg = Release|Any CPU
		{3B83D992-E636-4B17-A823-5CDBB592C995}.Debug|Any CPU.ActiveCfg = Debug|Any CPU
		{3B83D992-E636-4B17-A823-5CDBB592C995}.Debug|Any CPU.Build.0 = Debug|Any CPU
		{3B83D992-E636-4B17-A823-5CDBB592C995}.Debug|Mixed Platforms.ActiveCfg = Debug|Any CPU
		{3B83D992-E636-4B17-A823-5CDBB592C995}.Debug|Mixed Platforms.Build.0 = Debug|Any CPU
		{3B83D992-E636-4B17-A823-5CDBB592C995}.Debug|Win32.ActiveCfg = Debug|Any CPU
		{3B83D992-E636-4B17-A823-5CDBB592C995}.Release|Any CPU.ActiveCfg = Release|Any CPU
		{3B83D992-E636-4B17-A823-5CDBB592C995}.Release|Any CPU.Build.0 = Release|Any CPU
		{3B83D992-E636-4B17-A823-5CDBB592C995}.Release|Mixed Platforms.ActiveCfg = Release|Any CPU
		{3B83D992-E636-4B17-A823-5CDBB592C995}.Release|Mixed Platforms.Build.0 = Release|Any CPU
		{3B83D992-E636-4B17-A823-5CDBB592C995}.Release|Win32.ActiveCfg = Release|Any CPU
		{10EC327D-9EC2-4CD3-9450-D6710FCB7622}.Debug|Any CPU.ActiveCfg = Debug|Any CPU
		{10EC327D-9EC2-4CD3-9450-D6710FCB7622}.Debug|Any CPU.Build.0 = Debug|Any CPU
		{10EC327D-9EC2-4CD3-9450-D6710FCB7622}.Debug|Mixed Platforms.ActiveCfg = Debug|Any CPU
		{10EC327D-9EC2-4CD3-9450-D6710FCB7622}.Debug|Mixed Platforms.Build.0 = Debug|Any CPU
		{10EC327D-9EC2-4CD3-9450-D6710FCB7622}.Debug|Win32.ActiveCfg = Debug|Any CPU
		{10EC327D-9EC2-4CD3-9450-D6710FCB7622}.Release|Any CPU.ActiveCfg = Release|Any CPU
		{10EC327D-9EC2-4CD3-9450-D6710FCB7622}.Release|Any CPU.Build.0 = Release|Any CPU
		{10EC327D-9EC2-4CD3-9450-D6710FCB7622}.Release|Mixed Platforms.ActiveCfg = Release|Any CPU
		{10EC327D-9EC2-4CD3-9450-D6710FCB7622}.Release|Mixed Platforms.Build.0 = Release|Any CPU
		{10EC327D-9EC2-4CD3-9450-D6710FCB7622}.Release|Win32.ActiveCfg = Release|Any CPU
		{09D5A5AD-C7B9-4AE1-A050-DECFB431C0F5}.Debug|Any CPU.ActiveCfg = Debug|Any CPU
		{09D5A5AD-C7B9-4AE1-A050-DECFB431C0F5}.Debug|Any CPU.Build.0 = Debug|Any CPU
		{09D5A5AD-C7B9-4AE1-A050-DECFB431C0F5}.Debug|Mixed Platforms.ActiveCfg = Debug|Any CPU
		{09D5A5AD-C7B9-4AE1-A050-DECFB431C0F5}.Debug|Mixed Platforms.Build.0 = Debug|Any CPU
		{09D5A5AD-C7B9-4AE1-A050-DECFB431C0F5}.Debug|Win32.ActiveCfg = Debug|Any CPU
		{09D5A5AD-C7B9-4AE1-A050-DECFB431C0F5}.Release|Any CPU.ActiveCfg = Release|Any CPU
		{09D5A5AD-C7B9-4AE1-A050-DECFB431C0F5}.Release|Any CPU.Build.0 = Release|Any CPU
		{09D5A5AD-C7B9-4AE1-A050-DECFB431C0F5}.Release|Mixed Platforms.ActiveCfg = Release|Any CPU
		{09D5A5AD-C7B9-4AE1-A050-DECFB431C0F5}.Release|Mixed Platforms.Build.0 = Release|Any CPU
		{09D5A5AD-C7B9-4AE1-A050-DECFB431C0F5}.Release|Win32.ActiveCfg = Release|Any CPU
		{CB4AC17F-3718-4B44-B23E-7E065845BE66}.Debug|Any CPU.ActiveCfg = Debug|Any CPU
		{CB4AC17F-3718-4B44-B23E-7E065845BE66}.Debug|Any CPU.Build.0 = Debug|Any CPU
		{CB4AC17F-3718-4B44-B23E-7E065845BE66}.Debug|Mixed Platforms.ActiveCfg = Debug|Any CPU
		{CB4AC17F-3718-4B44-B23E-7E065845BE66}.Debug|Mixed Platforms.Build.0 = Debug|Any CPU
		{CB4AC17F-3718-4B44-B23E-7E065845BE66}.Debug|Win32.ActiveCfg = Debug|Any CPU
		{CB4AC17F-3718-4B44-B23E-7E065845BE66}.Release|Any CPU.ActiveCfg = Release|Any CPU
		{CB4AC17F-3718-4B44-B23E-7E065845BE66}.Release|Any CPU.Build.0 = Release|Any CPU
		{CB4AC17F-3718-4B44-B23E-7E065845BE66}.Release|Mixed Platforms.ActiveCfg = Release|Any CPU
		{CB4AC17F-3718-4B44-B23E-7E065845BE66}.Release|Mixed Platforms.Build.0 = Release|Any CPU
		{CB4AC17F-3718-4B44-B23E-7E065845BE66}.Release|Win32.ActiveCfg = Release|Any CPU
	EndGlobalSection
	GlobalSection(SolutionProperties) = preSolution
		HideSolutionNode = FALSE
	EndGlobalSection
EndGlobal
